// !$*UTF8*$!
{
	archiveVersion = 1;
	classes = {
	};
	objectVersion = 46;
	objects = {

/* Begin PBXBuildFile section */
		011639861D58D89300217606 /* AppDelegate.swift in Sources */ = {isa = PBXBuildFile; fileRef = 011639851D58D89300217606 /* AppDelegate.swift */; };
		011639881D58D89300217606 /* ViewController.swift in Sources */ = {isa = PBXBuildFile; fileRef = 011639871D58D89300217606 /* ViewController.swift */; };
		0116398B1D58D89300217606 /* Main.storyboard in Resources */ = {isa = PBXBuildFile; fileRef = 011639891D58D89300217606 /* Main.storyboard */; };
		0116398D1D58D89300217606 /* Assets.xcassets in Resources */ = {isa = PBXBuildFile; fileRef = 0116398C1D58D89300217606 /* Assets.xcassets */; };
		011639901D58D89300217606 /* LaunchScreen.storyboard in Resources */ = {isa = PBXBuildFile; fileRef = 0116398E1D58D89300217606 /* LaunchScreen.storyboard */; };
/* End PBXBuildFile section */

/* Begin PBXFileReference section */
		011639821D58D89200217606 /* MFThreadDemo.app */ = {isa = PBXFileReference; explicitFileType = wrapper.application; includeInIndex = 0; path = MFThreadDemo.app; sourceTree = BUILT_PRODUCTS_DIR; };
		011639851D58D89300217606 /* AppDelegate.swift */ = {isa = PBXFileReference; lastKnownFileType = sourcecode.swift; path = AppDelegate.swift; sourceTree = "<group>"; };
		011639871D58D89300217606 /* ViewController.swift */ = {isa = PBXFileReference; lastKnownFileType = sourcecode.swift; path = ViewController.swift; sourceTree = "<group>"; };
		0116398A1D58D89300217606 /* Base */ = {isa = PBXFileReference; lastKnownFileType = file.storyboard; name = Base; path = Base.lproj/Main.storyboard; sourceTree = "<group>"; };
		0116398C1D58D89300217606 /* Assets.xcassets */ = {isa = PBXFileReference; lastKnownFileType = folder.assetcatalog; path = Assets.xcassets; sourceTree = "<group>"; };
		0116398F1D58D89300217606 /* Base */ = {isa = PBXFileReference; lastKnownFileType = file.storyboard; name = Base; path = Base.lproj/LaunchScreen.storyboard; sourceTree = "<group>"; };
		011639911D58D89300217606 /* Info.plist */ = {isa = PBXFileReference; lastKnownFileType = text.plist.xml; path = Info.plist; sourceTree = "<group>"; };
/* End PBXFileReference section */

/* Begin PBXFrameworksBuildPhase section */
		0116397F1D58D89200217606 /* Frameworks */ = {
			isa = PBXFrameworksBuildPhase;
			buildActionMask = 2147483647;
			files = (
			);
			runOnlyForDeploymentPostprocessing = 0;
		};
/* End PBXFrameworksBuildPhase section */

/* Begin PBXGroup section */
		011639791D58D89200217606 = {
			isa = PBXGroup;
			children = (
				011639841D58D89200217606 /* MFThreadDemo */,
				011639831D58D89200217606 /* Products */,
			);
			sourceTree = "<group>";
		};
		011639831D58D89200217606 /* Products */ = {
			isa = PBXGroup;
			children = (
				011639821D58D89200217606 /* MFThreadDemo.app */,
			);
			name = Products;
			sourceTree = "<group>";
		};
		011639841D58D89200217606 /* MFThreadDemo */ = {
			isa = PBXGroup;
			children = (
				011639851D58D89300217606 /* AppDelegate.swift */,
				011639871D58D89300217606 /* ViewController.swift */,
				011639891D58D89300217606 /* Main.storyboard */,
				0116398C1D58D89300217606 /* Assets.xcassets */,
				0116398E1D58D89300217606 /* LaunchScreen.storyboard */,
				011639911D58D89300217606 /* Info.plist */,
			);
			path = MFThreadDemo;
			sourceTree = "<group>";
		};
/* End PBXGroup section */

/* Begin PBXNativeTarget section */
		011639811D58D89200217606 /* MFThreadDemo */ = {
			isa = PBXNativeTarget;
			buildConfigurationList = 011639941D58D89300217606 /* Build configuration list for PBXNativeTarget "MFThreadDemo" */;
			buildPhases = (
				0116397E1D58D89200217606 /* Sources */,
				0116397F1D58D89200217606 /* Frameworks */,
				011639801D58D89200217606 /* Resources */,
			);
			buildRules = (
			);
			dependencies = (
			);
			name = MFThreadDemo;
			productName = MFThreadDemo;
			productReference = 011639821D58D89200217606 /* MFThreadDemo.app */;
			productType = "com.apple.product-type.application";
		};
/* End PBXNativeTarget section */

/* Begin PBXProject section */
		0116397A1D58D89200217606 /* Project object */ = {
			isa = PBXProject;
			attributes = {
				LastSwiftUpdateCheck = 0800;
				LastUpgradeCheck = 0800;
				ORGANIZATIONNAME = "胡淼枫";
				TargetAttributes = {
					011639811D58D89200217606 = {
						CreatedOnToolsVersion = 8.0;
						DevelopmentTeam = ZYYBLWFD63;
						DevelopmentTeamName = "淼枫 胡 (Personal Team)";
						ProvisioningStyle = Automatic;
					};
				};
			};
			buildConfigurationList = 0116397D1D58D89200217606 /* Build configuration list for PBXProject "MFThreadDemo" */;
			compatibilityVersion = "Xcode 3.2";
			developmentRegion = English;
			hasScannedForEncodings = 0;
			knownRegions = (
				en,
				Base,
			);
			mainGroup = 011639791D58D89200217606;
			productRefGroup = 011639831D58D89200217606 /* Products */;
			projectDirPath = "";
			projectRoot = "";
			targets = (
				011639811D58D89200217606 /* MFThreadDemo */,
			);
		};
/* End PBXProject section */

/* Begin PBXResourcesBuildPhase section */
		011639801D58D89200217606 /* Resources */ = {
			isa = PBXResourcesBuildPhase;
			buildActionMask = 2147483647;
			files = (
				011639901D58D89300217606 /* LaunchScreen.storyboard in Resources */,
				0116398D1D58D89300217606 /* Assets.xcassets in Resources */,
				0116398B1D58D89300217606 /* Main.storyboard in Resources */,
			);
			runOnlyForDeploymentPostprocessing = 0;
		};
/* End PBXResourcesBuildPhase section */

/* Begin PBXSourcesBuildPhase section */
		0116397E1D58D89200217606 /* Sources */ = {
			isa = PBXSourcesBuildPhase;
			buildActionMask = 2147483647;
			files = (
				011639881D58D89300217606 /* ViewController.swift in Sources */,
				011639861D58D89300217606 /* AppDelegate.swift in Sources */,
			);
			runOnlyForDeploymentPostprocessing = 0;
		};
/* End PBXSourcesBuildPhase section */

/* Begin PBXVariantGroup section */
		011639891D58D89300217606 /* Main.storyboard */ = {
			isa = PBXVariantGroup;
			children = (
				0116398A1D58D89300217606 /* Base */,
			);
			name = Main.storyboard;
			sourceTree = "<group>";
		};
		0116398E1D58D89300217606 /* LaunchScreen.storyboard */ = {
			isa = PBXVariantGroup;
			children = (
				0116398F1D58D89300217606 /* Base */,
			);
			name = LaunchScreen.storyboard;
			sourceTree = "<group>";
		};
/* End PBXVariantGroup section */

/* Begin XCBuildConfiguration section */
		011639921D58D89300217606 /* Debug */ = {
			isa = XCBuildConfiguration;
			buildSettings = {
				ALWAYS_SEARCH_USER_PATHS = NO;
				CLANG_ANALYZER_NONNULL = YES;
				CLANG_CXX_LANGUAGE_STANDARD = "gnu++0x";
				CLANG_CXX_LIBRARY = "libc++";
				CLANG_ENABLE_MODULES = YES;
				CLANG_ENABLE_OBJC_ARC = YES;
				CLANG_WARN_BOOL_CONVERSION = YES;
				CLANG_WARN_CONSTANT_CONVERSION = YES;
				CLANG_WARN_DIRECT_OBJC_ISA_USAGE = YES_ERROR;
				CLANG_WARN_DOCUMENTATION_COMMENTS = YES;
				CLANG_WARN_EMPTY_BODY = YES;
				CLANG_WARN_ENUM_CONVERSION = YES;
				CLANG_WARN_INT_CONVERSION = YES;
				CLANG_WARN_OBJC_ROOT_CLASS = YES_ERROR;
				CLANG_WARN_UNREACHABLE_CODE = YES;
				CLANG_WARN__DUPLICATE_METHOD_MATCH = YES;
				"CODE_SIGN_IDENTITY[sdk=iphoneos*]" = "iPhone Developer";
				COPY_PHASE_STRIP = NO;
				DEBUG_INFORMATION_FORMAT = dwarf;
				ENABLE_STRICT_OBJC_MSGSEND = YES;
				ENABLE_TESTABILITY = YES;
				GCC_C_LANGUAGE_STANDARD = gnu99;
				GCC_DYNAMIC_NO_PIC = NO;
				GCC_NO_COMMON_BLOCKS = YES;
				GCC_OPTIMIZATION_LEVEL = 0;
				GCC_PREPROCESSOR_DEFINITIONS = (
					"DEBUG=1",
					"$(inherited)",
				);
				GCC_WARN_64_TO_32_BIT_CONVERSION = YES;
				GCC_WARN_ABOUT_RETURN_TYPE = YES_ERROR;
				GCC_WARN_UNDECLARED_SELECTOR = YES;
				GCC_WARN_UNINITIALIZED_AUTOS = YES_AGGRESSIVE;
				GCC_WARN_UNUSED_FUNCTION = YES;
				GCC_WARN_UNUSED_VARIABLE = YES;
				IPHONEOS_DEPLOYMENT_TARGET = 10.0;
				MTL_ENABLE_DEBUG_INFO = YES;
				ONLY_ACTIVE_ARCH = YES;
				SDKROOT = iphoneos;
				SWIFT_ACTIVE_COMPILATION_CONDITIONS = DEBUG;
				SWIFT_OPTIMIZATION_LEVEL = "-Onone";
			};
			name = Debug;
		};
		011639931D58D89300217606 /* Release */ = {
			isa = XCBuildConfiguration;
			buildSettings = {
				ALWAYS_SEARCH_USER_PATHS = NO;
				CLANG_ANALYZER_NONNULL = YES;
				CLANG_CXX_LANGUAGE_STANDARD = "gnu++0x";
				CLANG_CXX_LIBRARY = "libc++";
				CLANG_ENABLE_MODULES = YES;
				CLANG_ENABLE_OBJC_ARC = YES;
				CLANG_WARN_BOOL_CONVERSION = YES;
				CLANG_WARN_CONSTANT_CONVERSION = YES;
				CLANG_WARN_DIRECT_OBJC_ISA_USAGE = YES_ERROR;
				CLANG_WARN_DOCUMENTATION_COMMENTS = YES;
				CLANG_WARN_EMPTY_BODY = YES;
				CLANG_WARN_ENUM_CONVERSION = YES;
				CLANG_WARN_INT_CONVERSION = YES;
				CLANG_WARN_OBJC_ROOT_CLASS = YES_ERROR;
				CLANG_WARN_UNREACHABLE_CODE = YES;
				CLANG_WARN__DUPLICATE_METHOD_MATCH = YES;
				"CODE_SIGN_IDENTITY[sdk=iphoneos*]" = "iPhone Developer";
				COPY_PHASE_STRIP = NO;
				DEBUG_INFORMATION_FORMAT = "dwarf-with-dsym";
				ENABLE_NS_ASSERTIONS = NO;
				ENABLE_STRICT_OBJC_MSGSEND = YES;
				GCC_C_LANGUAGE_STANDARD = gnu99;
				GCC_NO_COMMON_BLOCKS = YES;
				GCC_WARN_64_TO_32_BIT_CONVERSION = YES;
				GCC_WARN_ABOUT_RETURN_TYPE = YES_ERROR;
				GCC_WARN_UNDECLARED_SELECTOR = YES;
				GCC_WARN_UNINITIALIZED_AUTOS = YES_AGGRESSIVE;
				GCC_WARN_UNUSED_FUNCTION = YES;
				GCC_WARN_UNUSED_VARIABLE = YES;
				IPHONEOS_DEPLOYMENT_TARGET = 10.0;
				MTL_ENABLE_DEBUG_INFO = NO;
				SDKROOT = iphoneos;
				SWIFT_OPTIMIZATION_LEVEL = "-Owholemodule";
				VALIDATE_PRODUCT = YES;
			};
			name = Release;
		};
		011639951D58D89300217606 /* Debug */ = {
			isa = XCBuildConfiguration;
			buildSettings = {
				ASSETCATALOG_COMPILER_APPICON_NAME = AppIcon;
				INFOPLIST_FILE = MFThreadDemo/Info.plist;
				LD_RUNPATH_SEARCH_PATHS = "$(inherited) @executable_path/Frameworks";
				PRODUCT_BUNDLE_IDENTIFIER = com.michael.MFThreadDemo;
				PRODUCT_NAME = "$(TARGET_NAME)";
				SWIFT_VERSION = 3.0;
			};
			name = Debug;
		};
		011639961D58D89300217606 /* Release */ = {
			isa = XCBuildConfiguration;
			buildSettings = {
				ASSETCATALOG_COMPILER_APPICON_NAME = AppIcon;
				INFOPLIST_FILE = MFThreadDemo/Info.plist;
				LD_RUNPATH_SEARCH_PATHS = "$(inherited) @executable_path/Frameworks";
				PRODUCT_BUNDLE_IDENTIFIER = com.michael.MFThreadDemo;
				PRODUCT_NAME = "$(TARGET_NAME)";
				SWIFT_VERSION = 3.0;
			};
			name = Release;
		};
/* End XCBuildConfiguration section */

/* Begin XCConfigurationList section */
		0116397D1D58D89200217606 /* Build configuration list for PBXProject "MFThreadDemo" */ = {
			isa = XCConfigurationList;
			buildConfigurations = (
				011639921D58D89300217606 /* Debug */,
				011639931D58D89300217606 /* Release */,
			);
			defaultConfigurationIsVisible = 0;
			defaultConfigurationName = Release;
		};
		011639941D58D89300217606 /* Build configuration list for PBXNativeTarget "MFThreadDemo" */ = {
			isa = XCConfigurationList;
			buildConfigurations = (
				011639951D58D89300217606 /* Debug */,
				011639961D58D89300217606 /* Release */,
			);
			defaultConfigurationIsVisible = 0;
		};
/* End XCConfigurationList section */
	};
	rootObject = 0116397A1D58D89200217606 /* Project object */;
}
